
Microsoft Visual Studio Solution File, Format Version 12.00
Project("{FAE04EC0-301F-11D3-BF4B-00C04F79EFBC}") = "Studierendenverwaltung", "Studierendenverwaltung\Studierendenverwaltung.csproj", "{76409194-ECD1-4F04-B51C-551C1D3A4A8D}"
EndProject
Project("{FAE04EC0-301F-11D3-BF4B-00C04F79EFBC}") = "Tiere", "Tiere\Tiere.csproj", "{F275301C-B6AF-4AF5-8B0A-23B69F0A218A}"
EndProject
Project("{FAE04EC0-301F-11D3-BF4B-00C04F79EFBC}") = "Gehaelter", "Gehaelter\Gehaelter.csproj", "{FC2DCE07-77AA-4D60-924D-7415EA6F298F}"
EndProject
Global
	GlobalSection(SolutionConfigurationPlatforms) = preSolution
		Debug|Any CPU = Debug|Any CPU
		Release|Any CPU = Release|Any CPU
	EndGlobalSection
	GlobalSection(ProjectConfigurationPlatforms) = postSolution
		{76409194-ECD1-4F04-B51C-551C1D3A4A8D}.Debug|Any CPU.ActiveCfg = Debug|Any CPU
		{76409194-ECD1-4F04-B51C-551C1D3A4A8D}.Debug|Any CPU.Build.0 = Debug|Any CPU
		{76409194-ECD1-4F04-B51C-551C1D3A4A8D}.Release|Any CPU.ActiveCfg = Release|Any CPU
		{76409194-ECD1-4F04-B51C-551C1D3A4A8D}.Release|Any CPU.Build.0 = Release|Any CPU
		{F275301C-B6AF-4AF5-8B0A-23B69F0A218A}.Debug|Any CPU.ActiveCfg = Debug|Any CPU
		{F275301C-B6AF-4AF5-8B0A-23B69F0A218A}.Debug|Any CPU.Build.0 = Debug|Any CPU
		{F275301C-B6AF-4AF5-8B0A-23B69F0A218A}.Release|Any CPU.ActiveCfg = Release|Any CPU
		{F275301C-B6AF-4AF5-8B0A-23B69F0A218A}.Release|Any CPU.Build.0 = Release|Any CPU
		{FC2DCE07-77AA-4D60-924D-7415EA6F298F}.Debug|Any CPU.ActiveCfg = Debug|Any CPU
		{FC2DCE07-77AA-4D60-924D-7415EA6F298F}.Debug|Any CPU.Build.0 = Debug|Any CPU
		{FC2DCE07-77AA-4D60-924D-7415EA6F298F}.Release|Any CPU.ActiveCfg = Release|Any CPU
		{FC2DCE07-77AA-4D60-924D-7415EA6F298F}.Release|Any CPU.Build.0 = Release|Any CPU
	EndGlobalSection
EndGlobal
